
Microsoft Visual Studio Solution File, Format Version 12.00
# Visual Studio Version 17
VisualStudioVersion = 17.12.35728.132 d17.12
MinimumVisualStudioVersion = 10.0.40219.1
Project("{FAE04EC0-301F-11D3-BF4B-00C04F79EFBC}") = "Calcular média por lista", "Calcular média por lista\Calcular média por lista.csproj", "{608C77A2-EBC1-40FA-9C20-22203D1E37C8}"
EndProject
Global
	GlobalSection(SolutionConfigurationPlatforms) = preSolution
		Debug|Any CPU = Debug|Any CPU
		Release|Any CPU = Release|Any CPU
	EndGlobalSection
	GlobalSection(ProjectConfigurationPlatforms) = postSolution
		{608C77A2-EBC1-40FA-9C20-22203D1E37C8}.Debug|Any CPU.ActiveCfg = Debug|Any CPU
		{608C77A2-EBC1-40FA-9C20-22203D1E37C8}.Debug|Any CPU.Build.0 = Debug|Any CPU
		{608C77A2-EBC1-40FA-9C20-22203D1E37C8}.Release|Any CPU.ActiveCfg = Release|Any CPU
		{608C77A2-EBC1-40FA-9C20-22203D1E37C8}.Release|Any CPU.Build.0 = Release|Any CPU
	EndGlobalSection
	GlobalSection(SolutionProperties) = preSolution
		HideSolutionNode = FALSE
	EndGlobalSection
EndGlobal
